
Microsoft Visual Studio Solution File, Format Version 12.00
# Visual Studio Version 17
VisualStudioVersion = 17.8.34330.188
MinimumVisualStudioVersion = 10.0.40219.1
Project("{FAE04EC0-301F-11D3-BF4B-00C04F79EFBC}") = "api", "api\api.csproj", "{FF304FA8-55EA-4462-A71F-D4260F184147}"
EndProject
Global
	GlobalSection(SolutionConfigurationPlatforms) = preSolution
		Debug|Any CPU = Debug|Any CPU
		Release|Any CPU = Release|Any CPU
	EndGlobalSection
	GlobalSection(ProjectConfigurationPlatforms) = postSolution
		{FF304FA8-55EA-4462-A71F-D4260F184147}.Debug|Any CPU.ActiveCfg = Debug|Any CPU
		{FF304FA8-55EA-4462-A71F-D4260F184147}.Debug|Any CPU.Build.0 = Debug|Any CPU
		{FF304FA8-55EA-4462-A71F-D4260F184147}.Release|Any CPU.ActiveCfg = Release|Any CPU
		{FF304FA8-55EA-4462-A71F-D4260F184147}.Release|Any CPU.Build.0 = Release|Any CPU
	EndGlobalSection
	GlobalSection(SolutionProperties) = preSolution
		HideSolutionNode = FALSE
	EndGlobalSection
	GlobalSection(ExtensibilityGlobals) = postSolution
		SolutionGuid = {DB60E566-4E06-4922-AC3E-95A5564F9A83}
	EndGlobalSection
EndGlobal
